// !$*UTF8*$!
{
	archiveVersion = 1;
	classes = {
	};
	objectVersion = 56;
	objects = {

/* Begin PBXBuildFile section */
		4D15630629CA0B4A004A4D6E /* Color.swift in Sources */ = {isa = PBXBuildFile; fileRef = 4D15630529CA0B4A004A4D6E /* Color.swift */; };
		4D38242E29CCCFB0000D955F /* LineGraphDisplay.swift in Sources */ = {isa = PBXBuildFile; fileRef = 4D38242D29CCCFB0000D955F /* LineGraphDisplay.swift */; };
		4D54C5BE29BA98600046AC29 /* AllEpisodesData.swift in Sources */ = {isa = PBXBuildFile; fileRef = 4D54C5BD29BA98600046AC29 /* AllEpisodesData.swift */; };
		4D622B8729B9415100D30223 /* NavBarButton.swift in Sources */ = {isa = PBXBuildFile; fileRef = 4D622B8629B9415100D30223 /* NavBarButton.swift */; };
		4D622B8B29B9436000D30223 /* EpisodesPage.swift in Sources */ = {isa = PBXBuildFile; fileRef = 4D622B8A29B9436000D30223 /* EpisodesPage.swift */; };
		4D622B8D29B943B100D30223 /* ProfilePage.swift in Sources */ = {isa = PBXBuildFile; fileRef = 4D622B8C29B943B100D30223 /* ProfilePage.swift */; };
		4D7C319C29CB6EDB0048362C /* GeneralPodcastData.swift in Sources */ = {isa = PBXBuildFile; fileRef = 4D7C319B29CB6EDB0048362C /* GeneralPodcastData.swift */; };
		4D7C319E29CB70780048362C /* GeneralPodcastAndPermissions.swift in Sources */ = {isa = PBXBuildFile; fileRef = 4D7C319D29CB70780048362C /* GeneralPodcastAndPermissions.swift */; };
		4D7C31A029CB80170048362C /* PodcastIndexItem.swift in Sources */ = {isa = PBXBuildFile; fileRef = 4D7C319F29CB80170048362C /* PodcastIndexItem.swift */; };
		4D8C7BC929C5138E003D45C9 /* BasicFetch.swift in Sources */ = {isa = PBXBuildFile; fileRef = 4D8C7BC829C5138E003D45C9 /* BasicFetch.swift */; };
		4D93BAD129C4E6E20030BCDB /* EpisodeListIndexItem.swift in Sources */ = {isa = PBXBuildFile; fileRef = 4D93BAD029C4E6E20030BCDB /* EpisodeListIndexItem.swift */; };
		4DA89C9729A6BC5D00B0EA15 /* Podcast_AnalyticsApp.swift in Sources */ = {isa = PBXBuildFile; fileRef = 4DA89C9629A6BC5D00B0EA15 /* Podcast_AnalyticsApp.swift */; };
		4DA89C9929A6BC5D00B0EA15 /* ContentView.swift in Sources */ = {isa = PBXBuildFile; fileRef = 4DA89C9829A6BC5D00B0EA15 /* ContentView.swift */; };
		4DA89C9B29A6BC6400B0EA15 /* Assets.xcassets in Resources */ = {isa = PBXBuildFile; fileRef = 4DA89C9A29A6BC6400B0EA15 /* Assets.xcassets */; };
		4DA89C9E29A6BC6400B0EA15 /* Preview Assets.xcassets in Resources */ = {isa = PBXBuildFile; fileRef = 4DA89C9D29A6BC6400B0EA15 /* Preview Assets.xcassets */; };
		4DD0C5CE29B1194800063FDE /* WelcomePage.swift in Sources */ = {isa = PBXBuildFile; fileRef = 4DD0C5CD29B1194800063FDE /* WelcomePage.swift */; };
		4DD0C5D029B11C9C00063FDE /* TotalsPage.swift in Sources */ = {isa = PBXBuildFile; fileRef = 4DD0C5CF29B11C9C00063FDE /* TotalsPage.swift */; };
		4DD0C5D229B11DA400063FDE /* NavBar.swift in Sources */ = {isa = PBXBuildFile; fileRef = 4DD0C5D129B11DA400063FDE /* NavBar.swift */; };
		4DF2063B29CBC12000959D4B /* SinglePodcastAnalytics.swift in Sources */ = {isa = PBXBuildFile; fileRef = 4DF2063A29CBC12000959D4B /* SinglePodcastAnalytics.swift */; };
		4DF2063D29CBD2F000959D4B /* PodcastAnalytics.swift in Sources */ = {isa = PBXBuildFile; fileRef = 4DF2063C29CBD2F000959D4B /* PodcastAnalytics.swift */; };
		4DF2063F29CBD34400959D4B /* ListenersData.swift in Sources */ = {isa = PBXBuildFile; fileRef = 4DF2063E29CBD34400959D4B /* ListenersData.swift */; };
		4DF80D4E29CA372F00A2343F /* ErrorHandling.swift in Sources */ = {isa = PBXBuildFile; fileRef = 4DF80D4D29CA372F00A2343F /* ErrorHandling.swift */; };
		4DF80D5029CA403400A2343F /* SingleEpisodeAnalytics.swift in Sources */ = {isa = PBXBuildFile; fileRef = 4DF80D4F29CA403400A2343F /* SingleEpisodeAnalytics.swift */; };
		4DF87E4829CA15E500C3E336 /* EpisodeDownloadAnalytics.swift in Sources */ = {isa = PBXBuildFile; fileRef = 4DF87E4729CA15E500C3E336 /* EpisodeDownloadAnalytics.swift */; };
/* End PBXBuildFile section */

/* Begin PBXFileReference section */
		4D15630529CA0B4A004A4D6E /* Color.swift */ = {isa = PBXFileReference; lastKnownFileType = sourcecode.swift; path = Color.swift; sourceTree = "<group>"; };
		4D38242D29CCCFB0000D955F /* LineGraphDisplay.swift */ = {isa = PBXFileReference; lastKnownFileType = sourcecode.swift; path = LineGraphDisplay.swift; sourceTree = "<group>"; };
		4D54C5BD29BA98600046AC29 /* AllEpisodesData.swift */ = {isa = PBXFileReference; lastKnownFileType = sourcecode.swift; path = AllEpisodesData.swift; sourceTree = "<group>"; };
		4D622B8629B9415100D30223 /* NavBarButton.swift */ = {isa = PBXFileReference; lastKnownFileType = sourcecode.swift; path = NavBarButton.swift; sourceTree = "<group>"; };
		4D622B8A29B9436000D30223 /* EpisodesPage.swift */ = {isa = PBXFileReference; lastKnownFileType = sourcecode.swift; path = EpisodesPage.swift; sourceTree = "<group>"; };
		4D622B8C29B943B100D30223 /* ProfilePage.swift */ = {isa = PBXFileReference; lastKnownFileType = sourcecode.swift; path = ProfilePage.swift; sourceTree = "<group>"; };
		4D7C319B29CB6EDB0048362C /* GeneralPodcastData.swift */ = {isa = PBXFileReference; lastKnownFileType = sourcecode.swift; path = GeneralPodcastData.swift; sourceTree = "<group>"; };
		4D7C319D29CB70780048362C /* GeneralPodcastAndPermissions.swift */ = {isa = PBXFileReference; lastKnownFileType = sourcecode.swift; path = GeneralPodcastAndPermissions.swift; sourceTree = "<group>"; };
		4D7C319F29CB80170048362C /* PodcastIndexItem.swift */ = {isa = PBXFileReference; lastKnownFileType = sourcecode.swift; path = PodcastIndexItem.swift; sourceTree = "<group>"; };
		4D8C7BC829C5138E003D45C9 /* BasicFetch.swift */ = {isa = PBXFileReference; lastKnownFileType = sourcecode.swift; path = BasicFetch.swift; sourceTree = "<group>"; };
		4D93BAD029C4E6E20030BCDB /* EpisodeListIndexItem.swift */ = {isa = PBXFileReference; lastKnownFileType = sourcecode.swift; path = EpisodeListIndexItem.swift; sourceTree = "<group>"; };
		4DA373F429BA572200FBB001 /* SecureKeys.xcconfig */ = {isa = PBXFileReference; lastKnownFileType = text.xcconfig; path = SecureKeys.xcconfig; sourceTree = "<group>"; };
		4DA373F529BA671200FBB001 /* Podcast-Analytics-Info.plist */ = {isa = PBXFileReference; lastKnownFileType = text.plist; path = "Podcast-Analytics-Info.plist"; sourceTree = SOURCE_ROOT; };
		4DA89C9329A6BC5D00B0EA15 /* Podcast Analytics.app */ = {isa = PBXFileReference; explicitFileType = wrapper.application; includeInIndex = 0; path = "Podcast Analytics.app"; sourceTree = BUILT_PRODUCTS_DIR; };
		4DA89C9629A6BC5D00B0EA15 /* Podcast_AnalyticsApp.swift */ = {isa = PBXFileReference; lastKnownFileType = sourcecode.swift; path = Podcast_AnalyticsApp.swift; sourceTree = "<group>"; };
		4DA89C9829A6BC5D00B0EA15 /* ContentView.swift */ = {isa = PBXFileReference; lastKnownFileType = sourcecode.swift; path = ContentView.swift; sourceTree = "<group>"; };
		4DA89C9A29A6BC6400B0EA15 /* Assets.xcassets */ = {isa = PBXFileReference; lastKnownFileType = folder.assetcatalog; path = Assets.xcassets; sourceTree = "<group>"; };
		4DA89C9D29A6BC6400B0EA15 /* Preview Assets.xcassets */ = {isa = PBXFileReference; lastKnownFileType = folder.assetcatalog; path = "Preview Assets.xcassets"; sourceTree = "<group>"; };
		4DD0C5CD29B1194800063FDE /* WelcomePage.swift */ = {isa = PBXFileReference; lastKnownFileType = sourcecode.swift; path = WelcomePage.swift; sourceTree = "<group>"; };
		4DD0C5CF29B11C9C00063FDE /* TotalsPage.swift */ = {isa = PBXFileReference; lastKnownFileType = sourcecode.swift; path = TotalsPage.swift; sourceTree = "<group>"; };
		4DD0C5D129B11DA400063FDE /* NavBar.swift */ = {isa = PBXFileReference; lastKnownFileType = sourcecode.swift; path = NavBar.swift; sourceTree = "<group>"; };
		4DF2063A29CBC12000959D4B /* SinglePodcastAnalytics.swift */ = {isa = PBXFileReference; lastKnownFileType = sourcecode.swift; path = SinglePodcastAnalytics.swift; sourceTree = "<group>"; };
		4DF2063C29CBD2F000959D4B /* PodcastAnalytics.swift */ = {isa = PBXFileReference; lastKnownFileType = sourcecode.swift; path = PodcastAnalytics.swift; sourceTree = "<group>"; };
		4DF2063E29CBD34400959D4B /* ListenersData.swift */ = {isa = PBXFileReference; lastKnownFileType = sourcecode.swift; path = ListenersData.swift; sourceTree = "<group>"; };
		4DF80D4D29CA372F00A2343F /* ErrorHandling.swift */ = {isa = PBXFileReference; lastKnownFileType = sourcecode.swift; path = ErrorHandling.swift; sourceTree = "<group>"; };
		4DF80D4F29CA403400A2343F /* SingleEpisodeAnalytics.swift */ = {isa = PBXFileReference; lastKnownFileType = sourcecode.swift; path = SingleEpisodeAnalytics.swift; sourceTree = "<group>"; };
		4DF87E4729CA15E500C3E336 /* EpisodeDownloadAnalytics.swift */ = {isa = PBXFileReference; lastKnownFileType = sourcecode.swift; path = EpisodeDownloadAnalytics.swift; sourceTree = "<group>"; };
/* End PBXFileReference section */

/* Begin PBXFrameworksBuildPhase section */
		4DA89C9029A6BC5D00B0EA15 /* Frameworks */ = {
			isa = PBXFrameworksBuildPhase;
			buildActionMask = 2147483647;
			files = (
			);
			runOnlyForDeploymentPostprocessing = 0;
		};
/* End PBXFrameworksBuildPhase section */

/* Begin PBXGroup section */
		4D15630429CA0B2C004A4D6E /* Extensions */ = {
			isa = PBXGroup;
			children = (
				4DF80D4D29CA372F00A2343F /* ErrorHandling.swift */,
				4D15630529CA0B4A004A4D6E /* Color.swift */,
			);
			path = Extensions;
			sourceTree = "<group>";
		};
		4D54C5BC29BA981F0046AC29 /* Models */ = {
			isa = PBXGroup;
			children = (
				4D54C5BD29BA98600046AC29 /* AllEpisodesData.swift */,
				4D7C319B29CB6EDB0048362C /* GeneralPodcastData.swift */,
				4DF2063E29CBD34400959D4B /* ListenersData.swift */,
			);
			path = Models;
			sourceTree = "<group>";
		};
		4DA89C8A29A6BC5D00B0EA15 = {
			isa = PBXGroup;
			children = (
				4DA89C9529A6BC5D00B0EA15 /* Podcast Analytics */,
				4DA89C9429A6BC5D00B0EA15 /* Products */,
			);
			sourceTree = "<group>";
		};
		4DA89C9429A6BC5D00B0EA15 /* Products */ = {
			isa = PBXGroup;
			children = (
				4DA89C9329A6BC5D00B0EA15 /* Podcast Analytics.app */,
			);
			name = Products;
			sourceTree = "<group>";
		};
		4DA89C9529A6BC5D00B0EA15 /* Podcast Analytics */ = {
			isa = PBXGroup;
			children = (
				4DA373F529BA671200FBB001 /* Podcast-Analytics-Info.plist */,
				4DA89C9629A6BC5D00B0EA15 /* Podcast_AnalyticsApp.swift */,
				4D8C7BC829C5138E003D45C9 /* BasicFetch.swift */,
				4DF87E4629CA15A500C3E336 /* ViewModels */,
				4D15630429CA0B2C004A4D6E /* Extensions */,
				4D54C5BC29BA981F0046AC29 /* Models */,
				4DD0C5CC29B1192800063FDE /* Views */,
				4DA89C9829A6BC5D00B0EA15 /* ContentView.swift */,
				4DA373F429BA572200FBB001 /* SecureKeys.xcconfig */,
				4DA89C9A29A6BC6400B0EA15 /* Assets.xcassets */,
				4DA89C9C29A6BC6400B0EA15 /* Preview Content */,
			);
			path = "Podcast Analytics";
			sourceTree = "<group>";
		};
		4DA89C9C29A6BC6400B0EA15 /* Preview Content */ = {
			isa = PBXGroup;
			children = (
				4DA89C9D29A6BC6400B0EA15 /* Preview Assets.xcassets */,
			);
			path = "Preview Content";
			sourceTree = "<group>";
		};
		4DD0C5CC29B1192800063FDE /* Views */ = {
			isa = PBXGroup;
			children = (
				4DD0C5CD29B1194800063FDE /* WelcomePage.swift */,
				4DD0C5CF29B11C9C00063FDE /* TotalsPage.swift */,
				4DF2063A29CBC12000959D4B /* SinglePodcastAnalytics.swift */,
				4D38242D29CCCFB0000D955F /* LineGraphDisplay.swift */,
				4D7C319F29CB80170048362C /* PodcastIndexItem.swift */,
				4DD0C5D129B11DA400063FDE /* NavBar.swift */,
				4D622B8629B9415100D30223 /* NavBarButton.swift */,
				4D93BAD029C4E6E20030BCDB /* EpisodeListIndexItem.swift */,
				4D622B8A29B9436000D30223 /* EpisodesPage.swift */,
				4DF80D4F29CA403400A2343F /* SingleEpisodeAnalytics.swift */,
				4D622B8C29B943B100D30223 /* ProfilePage.swift */,
			);
			path = Views;
			sourceTree = "<group>";
		};
		4DF87E4629CA15A500C3E336 /* ViewModels */ = {
			isa = PBXGroup;
			children = (
				4DF87E4729CA15E500C3E336 /* EpisodeDownloadAnalytics.swift */,
				4D7C319D29CB70780048362C /* GeneralPodcastAndPermissions.swift */,
				4DF2063C29CBD2F000959D4B /* PodcastAnalytics.swift */,
			);
			path = ViewModels;
			sourceTree = "<group>";
		};
/* End PBXGroup section */

/* Begin PBXNativeTarget section */
		4DA89C9229A6BC5D00B0EA15 /* Podcast Analytics */ = {
			isa = PBXNativeTarget;
			buildConfigurationList = 4DA89CA129A6BC6400B0EA15 /* Build configuration list for PBXNativeTarget "Podcast Analytics" */;
			buildPhases = (
				4DA89C8F29A6BC5D00B0EA15 /* Sources */,
				4DA89C9029A6BC5D00B0EA15 /* Frameworks */,
				4DA89C9129A6BC5D00B0EA15 /* Resources */,
			);
			buildRules = (
			);
			dependencies = (
			);
			name = "Podcast Analytics";
			productName = "Podcast Analytics";
			productReference = 4DA89C9329A6BC5D00B0EA15 /* Podcast Analytics.app */;
			productType = "com.apple.product-type.application";
		};
/* End PBXNativeTarget section */

/* Begin PBXProject section */
		4DA89C8B29A6BC5D00B0EA15 /* Project object */ = {
			isa = PBXProject;
			attributes = {
				BuildIndependentTargetsInParallel = 1;
				LastSwiftUpdateCheck = 1420;
				LastUpgradeCheck = 1420;
				TargetAttributes = {
					4DA89C9229A6BC5D00B0EA15 = {
						CreatedOnToolsVersion = 14.2;
					};
				};
			};
			buildConfigurationList = 4DA89C8E29A6BC5D00B0EA15 /* Build configuration list for PBXProject "Podcast Analytics" */;
			compatibilityVersion = "Xcode 14.0";
			developmentRegion = en;
			hasScannedForEncodings = 0;
			knownRegions = (
				en,
				Base,
			);
			mainGroup = 4DA89C8A29A6BC5D00B0EA15;
			productRefGroup = 4DA89C9429A6BC5D00B0EA15 /* Products */;
			projectDirPath = "";
			projectRoot = "";
			targets = (
				4DA89C9229A6BC5D00B0EA15 /* Podcast Analytics */,
			);
		};
/* End PBXProject section */

/* Begin PBXResourcesBuildPhase section */
		4DA89C9129A6BC5D00B0EA15 /* Resources */ = {
			isa = PBXResourcesBuildPhase;
			buildActionMask = 2147483647;
			files = (
				4DA89C9E29A6BC6400B0EA15 /* Preview Assets.xcassets in Resources */,
				4DA89C9B29A6BC6400B0EA15 /* Assets.xcassets in Resources */,
			);
			runOnlyForDeploymentPostprocessing = 0;
		};
/* End PBXResourcesBuildPhase section */

/* Begin PBXSourcesBuildPhase section */
		4DA89C8F29A6BC5D00B0EA15 /* Sources */ = {
			isa = PBXSourcesBuildPhase;
			buildActionMask = 2147483647;
			files = (
				4DD0C5D229B11DA400063FDE /* NavBar.swift in Sources */,
				4DF2063B29CBC12000959D4B /* SinglePodcastAnalytics.swift in Sources */,
				4D622B8729B9415100D30223 /* NavBarButton.swift in Sources */,
				4DF2063D29CBD2F000959D4B /* PodcastAnalytics.swift in Sources */,
				4D622B8D29B943B100D30223 /* ProfilePage.swift in Sources */,
				4DD0C5CE29B1194800063FDE /* WelcomePage.swift in Sources */,
				4D7C31A029CB80170048362C /* PodcastIndexItem.swift in Sources */,
				4D8C7BC929C5138E003D45C9 /* BasicFetch.swift in Sources */,
				4D15630629CA0B4A004A4D6E /* Color.swift in Sources */,
				4D54C5BE29BA98600046AC29 /* AllEpisodesData.swift in Sources */,
				4DF87E4829CA15E500C3E336 /* EpisodeDownloadAnalytics.swift in Sources */,
				4D38242E29CCCFB0000D955F /* LineGraphDisplay.swift in Sources */,
				4D7C319E29CB70780048362C /* GeneralPodcastAndPermissions.swift in Sources */,
				4DA89C9929A6BC5D00B0EA15 /* ContentView.swift in Sources */,
				4D7C319C29CB6EDB0048362C /* GeneralPodcastData.swift in Sources */,
				4DF2063F29CBD34400959D4B /* ListenersData.swift in Sources */,
				4DF80D4E29CA372F00A2343F /* ErrorHandling.swift in Sources */,
				4D622B8B29B9436000D30223 /* EpisodesPage.swift in Sources */,
				4DF80D5029CA403400A2343F /* SingleEpisodeAnalytics.swift in Sources */,
				4DA89C9729A6BC5D00B0EA15 /* Podcast_AnalyticsApp.swift in Sources */,
				4DD0C5D029B11C9C00063FDE /* TotalsPage.swift in Sources */,
				4D93BAD129C4E6E20030BCDB /* EpisodeListIndexItem.swift in Sources */,
			);
			runOnlyForDeploymentPostprocessing = 0;
		};
/* End PBXSourcesBuildPhase section */

/* Begin XCBuildConfiguration section */
		4DA89C9F29A6BC6400B0EA15 /* Debug */ = {
			isa = XCBuildConfiguration;
			baseConfigurationReference = 4DA373F429BA572200FBB001 /* SecureKeys.xcconfig */;
			buildSettings = {
				ALWAYS_SEARCH_USER_PATHS = NO;
				CLANG_ANALYZER_NONNULL = YES;
				CLANG_ANALYZER_NUMBER_OBJECT_CONVERSION = YES_AGGRESSIVE;
				CLANG_CXX_LANGUAGE_STANDARD = "gnu++20";
				CLANG_ENABLE_MODULES = YES;
				CLANG_ENABLE_OBJC_ARC = YES;
				CLANG_ENABLE_OBJC_WEAK = YES;
				CLANG_WARN_BLOCK_CAPTURE_AUTORELEASING = YES;
				CLANG_WARN_BOOL_CONVERSION = YES;
				CLANG_WARN_COMMA = YES;
				CLANG_WARN_CONSTANT_CONVERSION = YES;
				CLANG_WARN_DEPRECATED_OBJC_IMPLEMENTATIONS = YES;
				CLANG_WARN_DIRECT_OBJC_ISA_USAGE = YES_ERROR;
				CLANG_WARN_DOCUMENTATION_COMMENTS = YES;
				CLANG_WARN_EMPTY_BODY = YES;
				CLANG_WARN_ENUM_CONVERSION = YES;
				CLANG_WARN_INFINITE_RECURSION = YES;
				CLANG_WARN_INT_CONVERSION = YES;
				CLANG_WARN_NON_LITERAL_NULL_CONVERSION = YES;
				CLANG_WARN_OBJC_IMPLICIT_RETAIN_SELF = YES;
				CLANG_WARN_OBJC_LITERAL_CONVERSION = YES;
				CLANG_WARN_OBJC_ROOT_CLASS = YES_ERROR;
				CLANG_WARN_QUOTED_INCLUDE_IN_FRAMEWORK_HEADER = YES;
				CLANG_WARN_RANGE_LOOP_ANALYSIS = YES;
				CLANG_WARN_STRICT_PROTOTYPES = YES;
				CLANG_WARN_SUSPICIOUS_MOVE = YES;
				CLANG_WARN_UNGUARDED_AVAILABILITY = YES_AGGRESSIVE;
				CLANG_WARN_UNREACHABLE_CODE = YES;
				CLANG_WARN__DUPLICATE_METHOD_MATCH = YES;
				COPY_PHASE_STRIP = NO;
				DEBUG_INFORMATION_FORMAT = dwarf;
				ENABLE_STRICT_OBJC_MSGSEND = YES;
				ENABLE_TESTABILITY = YES;
				GCC_C_LANGUAGE_STANDARD = gnu11;
				GCC_DYNAMIC_NO_PIC = NO;
				GCC_NO_COMMON_BLOCKS = YES;
				GCC_OPTIMIZATION_LEVEL = 0;
				GCC_PREPROCESSOR_DEFINITIONS = (
					"DEBUG=1",
					"$(inherited)",
				);
				GCC_WARN_64_TO_32_BIT_CONVERSION = YES;
				GCC_WARN_ABOUT_RETURN_TYPE = YES_ERROR;
				GCC_WARN_UNDECLARED_SELECTOR = YES;
				GCC_WARN_UNINITIALIZED_AUTOS = YES_AGGRESSIVE;
				GCC_WARN_UNUSED_FUNCTION = YES;
				GCC_WARN_UNUSED_VARIABLE = YES;
				IPHONEOS_DEPLOYMENT_TARGET = 16.2;
				MTL_ENABLE_DEBUG_INFO = INCLUDE_SOURCE;
				MTL_FAST_MATH = YES;
				ONLY_ACTIVE_ARCH = YES;
				SDKROOT = iphoneos;
				SWIFT_ACTIVE_COMPILATION_CONDITIONS = DEBUG;
				SWIFT_OPTIMIZATION_LEVEL = "-Onone";
			};
			name = Debug;
		};
		4DA89CA029A6BC6400B0EA15 /* Release */ = {
			isa = XCBuildConfiguration;
			buildSettings = {
				ALWAYS_SEARCH_USER_PATHS = NO;
				CLANG_ANALYZER_NONNULL = YES;
				CLANG_ANALYZER_NUMBER_OBJECT_CONVERSION = YES_AGGRESSIVE;
				CLANG_CXX_LANGUAGE_STANDARD = "gnu++20";
				CLANG_ENABLE_MODULES = YES;
				CLANG_ENABLE_OBJC_ARC = YES;
				CLANG_ENABLE_OBJC_WEAK = YES;
				CLANG_WARN_BLOCK_CAPTURE_AUTORELEASING = YES;
				CLANG_WARN_BOOL_CONVERSION = YES;
				CLANG_WARN_COMMA = YES;
				CLANG_WARN_CONSTANT_CONVERSION = YES;
				CLANG_WARN_DEPRECATED_OBJC_IMPLEMENTATIONS = YES;
				CLANG_WARN_DIRECT_OBJC_ISA_USAGE = YES_ERROR;
				CLANG_WARN_DOCUMENTATION_COMMENTS = YES;
				CLANG_WARN_EMPTY_BODY = YES;
				CLANG_WARN_ENUM_CONVERSION = YES;
				CLANG_WARN_INFINITE_RECURSION = YES;
				CLANG_WARN_INT_CONVERSION = YES;
				CLANG_WARN_NON_LITERAL_NULL_CONVERSION = YES;
				CLANG_WARN_OBJC_IMPLICIT_RETAIN_SELF = YES;
				CLANG_WARN_OBJC_LITERAL_CONVERSION = YES;
				CLANG_WARN_OBJC_ROOT_CLASS = YES_ERROR;
				CLANG_WARN_QUOTED_INCLUDE_IN_FRAMEWORK_HEADER = YES;
				CLANG_WARN_RANGE_LOOP_ANALYSIS = YES;
				CLANG_WARN_STRICT_PROTOTYPES = YES;
				CLANG_WARN_SUSPICIOUS_MOVE = YES;
				CLANG_WARN_UNGUARDED_AVAILABILITY = YES_AGGRESSIVE;
				CLANG_WARN_UNREACHABLE_CODE = YES;
				CLANG_WARN__DUPLICATE_METHOD_MATCH = YES;
				COPY_PHASE_STRIP = NO;
				DEBUG_INFORMATION_FORMAT = "dwarf-with-dsym";
				ENABLE_NS_ASSERTIONS = NO;
				ENABLE_STRICT_OBJC_MSGSEND = YES;
				GCC_C_LANGUAGE_STANDARD = gnu11;
				GCC_NO_COMMON_BLOCKS = YES;
				GCC_WARN_64_TO_32_BIT_CONVERSION = YES;
				GCC_WARN_ABOUT_RETURN_TYPE = YES_ERROR;
				GCC_WARN_UNDECLARED_SELECTOR = YES;
				GCC_WARN_UNINITIALIZED_AUTOS = YES_AGGRESSIVE;
				GCC_WARN_UNUSED_FUNCTION = YES;
				GCC_WARN_UNUSED_VARIABLE = YES;
				IPHONEOS_DEPLOYMENT_TARGET = 16.2;
				MTL_ENABLE_DEBUG_INFO = NO;
				MTL_FAST_MATH = YES;
				SDKROOT = iphoneos;
				SWIFT_COMPILATION_MODE = wholemodule;
				SWIFT_OPTIMIZATION_LEVEL = "-O";
				VALIDATE_PRODUCT = YES;
			};
			name = Release;
		};
		4DA89CA229A6BC6400B0EA15 /* Debug */ = {
			isa = XCBuildConfiguration;
			baseConfigurationReference = 4DA373F429BA572200FBB001 /* SecureKeys.xcconfig */;
			buildSettings = {
				ASSETCATALOG_COMPILER_APPICON_NAME = AppIcon;
				ASSETCATALOG_COMPILER_GLOBAL_ACCENT_COLOR_NAME = AccentColor;
				CODE_SIGN_STYLE = Automatic;
				CURRENT_PROJECT_VERSION = 1;
				DEVELOPMENT_ASSET_PATHS = "\"Podcast Analytics/Preview Content\"";
				ENABLE_PREVIEWS = YES;
				GENERATE_INFOPLIST_FILE = YES;
				INFOPLIST_FILE = "Podcast-Analytics-Info.plist";
				INFOPLIST_KEY_UIApplicationSceneManifest_Generation = YES;
				INFOPLIST_KEY_UIApplicationSupportsIndirectInputEvents = YES;
				INFOPLIST_KEY_UILaunchScreen_Generation = YES;
				INFOPLIST_KEY_UISupportedInterfaceOrientations_iPad = "UIInterfaceOrientationPortrait UIInterfaceOrientationPortraitUpsideDown UIInterfaceOrientationLandscapeLeft UIInterfaceOrientationLandscapeRight";
				INFOPLIST_KEY_UISupportedInterfaceOrientations_iPhone = "UIInterfaceOrientationPortrait UIInterfaceOrientationLandscapeLeft UIInterfaceOrientationLandscapeRight";
				LD_RUNPATH_SEARCH_PATHS = (
					"$(inherited)",
					"@executable_path/Frameworks",
				);
				MARKETING_VERSION = 1.0;
				PRODUCT_BUNDLE_IDENTIFIER = "com.Podcast-Analytics.Podcast-Analytics";
				PRODUCT_NAME = "$(TARGET_NAME)";
				SWIFT_EMIT_LOC_STRINGS = YES;
				SWIFT_VERSION = 5.0;
				TARGETED_DEVICE_FAMILY = "1,2";
			};
			name = Debug;
		};
		4DA89CA329A6BC6400B0EA15 /* Release */ = {
			isa = XCBuildConfiguration;
			buildSettings = {
				ASSETCATALOG_COMPILER_APPICON_NAME = AppIcon;
				ASSETCATALOG_COMPILER_GLOBAL_ACCENT_COLOR_NAME = AccentColor;
				CODE_SIGN_STYLE = Automatic;
				CURRENT_PROJECT_VERSION = 1;
				DEVELOPMENT_ASSET_PATHS = "\"Podcast Analytics/Preview Content\"";
				ENABLE_PREVIEWS = YES;
				GENERATE_INFOPLIST_FILE = YES;
				INFOPLIST_FILE = "Podcast-Analytics-Info.plist";
				INFOPLIST_KEY_UIApplicationSceneManifest_Generation = YES;
				INFOPLIST_KEY_UIApplicationSupportsIndirectInputEvents = YES;
				INFOPLIST_KEY_UILaunchScreen_Generation = YES;
				INFOPLIST_KEY_UISupportedInterfaceOrientations_iPad = "UIInterfaceOrientationPortrait UIInterfaceOrientationPortraitUpsideDown UIInterfaceOrientationLandscapeLeft UIInterfaceOrientationLandscapeRight";
				INFOPLIST_KEY_UISupportedInterfaceOrientations_iPhone = "UIInterfaceOrientationPortrait UIInterfaceOrientationLandscapeLeft UIInterfaceOrientationLandscapeRight";
				LD_RUNPATH_SEARCH_PATHS = (
					"$(inherited)",
					"@executable_path/Frameworks",
				);
				MARKETING_VERSION = 1.0;
				PRODUCT_BUNDLE_IDENTIFIER = "com.Podcast-Analytics.Podcast-Analytics";
				PRODUCT_NAME = "$(TARGET_NAME)";
				SWIFT_EMIT_LOC_STRINGS = YES;
				SWIFT_VERSION = 5.0;
				TARGETED_DEVICE_FAMILY = "1,2";
			};
			name = Release;
		};
/* End XCBuildConfiguration section */

/* Begin XCConfigurationList section */
		4DA89C8E29A6BC5D00B0EA15 /* Build configuration list for PBXProject "Podcast Analytics" */ = {
			isa = XCConfigurationList;
			buildConfigurations = (
				4DA89C9F29A6BC6400B0EA15 /* Debug */,
				4DA89CA029A6BC6400B0EA15 /* Release */,
			);
			defaultConfigurationIsVisible = 0;
			defaultConfigurationName = Release;
		};
		4DA89CA129A6BC6400B0EA15 /* Build configuration list for PBXNativeTarget "Podcast Analytics" */ = {
			isa = XCConfigurationList;
			buildConfigurations = (
				4DA89CA229A6BC6400B0EA15 /* Debug */,
				4DA89CA329A6BC6400B0EA15 /* Release */,
			);
			defaultConfigurationIsVisible = 0;
			defaultConfigurationName = Release;
		};
/* End XCConfigurationList section */
	};
	rootObject = 4DA89C8B29A6BC5D00B0EA15 /* Project object */;
}
